
Microsoft Visual Studio Solution File, Format Version 12.00
# Visual Studio Version 17
VisualStudioVersion = 17.9.34902.65
MinimumVisualStudioVersion = 10.0.40219.1
Project("{9A19103F-16F7-4668-BE54-9A1E7A4F7556}") = "Autocom3_Suporte_XML", "Auotocom3_Suporte_XML\Autocom3_Suporte_XML.csproj", "{7EAE5D9C-834F-4F09-95BC-C4B94F2CDEA7}"
EndProject
Global
	GlobalSection(SolutionConfigurationPlatforms) = preSolution
		Debug|Any CPU = Debug|Any CPU
		Release|Any CPU = Release|Any CPU
	EndGlobalSection
	GlobalSection(ProjectConfigurationPlatforms) = postSolution
		{7EAE5D9C-834F-4F09-95BC-C4B94F2CDEA7}.Debug|Any CPU.ActiveCfg = Debug|Any CPU
		{7EAE5D9C-834F-4F09-95BC-C4B94F2CDEA7}.Debug|Any CPU.Build.0 = Debug|Any CPU
		{7EAE5D9C-834F-4F09-95BC-C4B94F2CDEA7}.Release|Any CPU.ActiveCfg = Release|Any CPU
		{7EAE5D9C-834F-4F09-95BC-C4B94F2CDEA7}.Release|Any CPU.Build.0 = Release|Any CPU
	EndGlobalSection
	GlobalSection(SolutionProperties) = preSolution
		HideSolutionNode = FALSE
	EndGlobalSection
	GlobalSection(ExtensibilityGlobals) = postSolution
		SolutionGuid = {D83D5A04-1830-4450-9B6B-6E7124FC3C91}
	EndGlobalSection
EndGlobal
